
Microsoft Visual Studio Solution File, Format Version 12.00
# Visual Studio Version 17
VisualStudioVersion = 17.2.32630.192
MinimumVisualStudioVersion = 10.0.40219.1
Project("{2150E333-8FDC-42A3-9474-1A3956D46DE8}") = "1 - Services", "1 - Services", "{F4E8156F-AD41-41A8-B829-CCCEB9904B06}"
EndProject
Project("{2150E333-8FDC-42A3-9474-1A3956D46DE8}") = "2 - Application", "2 - Application", "{CA46DFB4-94F0-458C-B6D3-7E4A303DA463}"
EndProject
Project("{2150E333-8FDC-42A3-9474-1A3956D46DE8}") = "3 - Domain", "3 - Domain", "{C36A25EE-B045-465E-9A11-9716CB4E9FB0}"
EndProject
Project("{2150E333-8FDC-42A3-9474-1A3956D46DE8}") = "4 - Infrastructure", "4 - Infrastructure", "{6ACF85DE-FD5D-401F-BF69-5CE447780246}"
EndProject
Project("{9A19103F-16F7-4668-BE54-9A1E7A4F7556}") = "RestApiModeloDDD.API", "RestApiModeloDDD.API\RestApiModeloDDD.API.csproj", "{B2A52DB9-EC76-4987-AA4F-11478FE1C040}"
EndProject
Project("{9A19103F-16F7-4668-BE54-9A1E7A4F7556}") = "RestApiModeloDDD.Aplication", "RestApiModeloDDD.Aplication\RestApiModeloDDD.Aplication.csproj", "{5C6C265F-EFD6-49BC-84DC-918C8FBFF561}"
EndProject
Project("{9A19103F-16F7-4668-BE54-9A1E7A4F7556}") = "RestApiModeloDDD.Domain", "RestApiModeloDDD.Domain\RestApiModeloDDD.Domain.csproj", "{6A4828DA-2001-462F-8CB3-80DF615E6613}"
EndProject
Project("{9A19103F-16F7-4668-BE54-9A1E7A4F7556}") = "RestApiModeloDDD.Domain.Core", "RestApiModeloDDD.Domain.Core\RestApiModeloDDD.Domain.Core.csproj", "{C98E93CD-288C-4687-9310-69645FE7665A}"
EndProject
Project("{FAE04EC0-301F-11D3-BF4B-00C04F79EFBC}") = "RestApiModeloDDD.Domain.Services", "RestApiModeloDDD.Domain.Services\RestApiModeloDDD.Domain.Services.csproj", "{7C0BA8AA-0B3C-4FFF-A55B-7FD4E4983BD6}"
EndProject
Project("{FAE04EC0-301F-11D3-BF4B-00C04F79EFBC}") = "RestApiModeloDDD.Infrastructure", "RestApiModeloDDD.Infrastructure\RestApiModeloDDD.Infrastructure.csproj", "{0FF72828-0D3C-4F5D-B54A-74DB483B3F8C}"
EndProject
Global
	GlobalSection(SolutionConfigurationPlatforms) = preSolution
		Debug|Any CPU = Debug|Any CPU
		Release|Any CPU = Release|Any CPU
	EndGlobalSection
	GlobalSection(ProjectConfigurationPlatforms) = postSolution
		{B2A52DB9-EC76-4987-AA4F-11478FE1C040}.Debug|Any CPU.ActiveCfg = Debug|Any CPU
		{B2A52DB9-EC76-4987-AA4F-11478FE1C040}.Debug|Any CPU.Build.0 = Debug|Any CPU
		{B2A52DB9-EC76-4987-AA4F-11478FE1C040}.Release|Any CPU.ActiveCfg = Release|Any CPU
		{B2A52DB9-EC76-4987-AA4F-11478FE1C040}.Release|Any CPU.Build.0 = Release|Any CPU
		{5C6C265F-EFD6-49BC-84DC-918C8FBFF561}.Debug|Any CPU.ActiveCfg = Debug|Any CPU
		{5C6C265F-EFD6-49BC-84DC-918C8FBFF561}.Debug|Any CPU.Build.0 = Debug|Any CPU
		{5C6C265F-EFD6-49BC-84DC-918C8FBFF561}.Release|Any CPU.ActiveCfg = Release|Any CPU
		{5C6C265F-EFD6-49BC-84DC-918C8FBFF561}.Release|Any CPU.Build.0 = Release|Any CPU
		{6A4828DA-2001-462F-8CB3-80DF615E6613}.Debug|Any CPU.ActiveCfg = Debug|Any CPU
		{6A4828DA-2001-462F-8CB3-80DF615E6613}.Debug|Any CPU.Build.0 = Debug|Any CPU
		{6A4828DA-2001-462F-8CB3-80DF615E6613}.Release|Any CPU.ActiveCfg = Release|Any CPU
		{6A4828DA-2001-462F-8CB3-80DF615E6613}.Release|Any CPU.Build.0 = Release|Any CPU
		{C98E93CD-288C-4687-9310-69645FE7665A}.Debug|Any CPU.ActiveCfg = Debug|Any CPU
		{C98E93CD-288C-4687-9310-69645FE7665A}.Debug|Any CPU.Build.0 = Debug|Any CPU
		{C98E93CD-288C-4687-9310-69645FE7665A}.Release|Any CPU.ActiveCfg = Release|Any CPU
		{C98E93CD-288C-4687-9310-69645FE7665A}.Release|Any CPU.Build.0 = Release|Any CPU
		{7C0BA8AA-0B3C-4FFF-A55B-7FD4E4983BD6}.Debug|Any CPU.ActiveCfg = Debug|Any CPU
		{7C0BA8AA-0B3C-4FFF-A55B-7FD4E4983BD6}.Debug|Any CPU.Build.0 = Debug|Any CPU
		{7C0BA8AA-0B3C-4FFF-A55B-7FD4E4983BD6}.Release|Any CPU.ActiveCfg = Release|Any CPU
		{7C0BA8AA-0B3C-4FFF-A55B-7FD4E4983BD6}.Release|Any CPU.Build.0 = Release|Any CPU
		{0FF72828-0D3C-4F5D-B54A-74DB483B3F8C}.Debug|Any CPU.ActiveCfg = Debug|Any CPU
		{0FF72828-0D3C-4F5D-B54A-74DB483B3F8C}.Debug|Any CPU.Build.0 = Debug|Any CPU
		{0FF72828-0D3C-4F5D-B54A-74DB483B3F8C}.Release|Any CPU.ActiveCfg = Release|Any CPU
		{0FF72828-0D3C-4F5D-B54A-74DB483B3F8C}.Release|Any CPU.Build.0 = Release|Any CPU
	EndGlobalSection
	GlobalSection(SolutionProperties) = preSolution
		HideSolutionNode = FALSE
	EndGlobalSection
	GlobalSection(NestedProjects) = preSolution
		{B2A52DB9-EC76-4987-AA4F-11478FE1C040} = {F4E8156F-AD41-41A8-B829-CCCEB9904B06}
		{5C6C265F-EFD6-49BC-84DC-918C8FBFF561} = {CA46DFB4-94F0-458C-B6D3-7E4A303DA463}
		{6A4828DA-2001-462F-8CB3-80DF615E6613} = {C36A25EE-B045-465E-9A11-9716CB4E9FB0}
		{C98E93CD-288C-4687-9310-69645FE7665A} = {C36A25EE-B045-465E-9A11-9716CB4E9FB0}
		{7C0BA8AA-0B3C-4FFF-A55B-7FD4E4983BD6} = {C36A25EE-B045-465E-9A11-9716CB4E9FB0}
		{0FF72828-0D3C-4F5D-B54A-74DB483B3F8C} = {6ACF85DE-FD5D-401F-BF69-5CE447780246}
	EndGlobalSection
	GlobalSection(ExtensibilityGlobals) = postSolution
		SolutionGuid = {AE049776-8B90-45A5-B768-2B77BC3DB982}
	EndGlobalSection
EndGlobal
